// !$*UTF8*$!
{
	archiveVersion = 1;
	classes = {
	};
	objectVersion = 56;
	objects = {

/* Begin PBXBuildFile section */
		4326FFD12D9460480074E2F3 /* User.swift in Sources */ = {isa = PBXBuildFile; fileRef = 4326FFD02D9460480074E2F3 /* User.swift */; };
		4326FFD32D95B6CC0074E2F3 /* UserInfoViewController.swift in Sources */ = {isa = PBXBuildFile; fileRef = 4326FFD22D95B6CC0074E2F3 /* UserInfoViewController.swift */; };
		4326FFD82D96B5B50074E2F3 /* UIView+gradientExtension.swift in Sources */ = {isa = PBXBuildFile; fileRef = 4326FFD72D96B5B50074E2F3 /* UIView+gradientExtension.swift */; };
		4326FFDA2D96BA3C0074E2F3 /* DescribingViewController.swift in Sources */ = {isa = PBXBuildFile; fileRef = 4326FFD92D96BA3C0074E2F3 /* DescribingViewController.swift */; };
		4326FFDC2D9734970074E2F3 /* TabBarViewController.swift in Sources */ = {isa = PBXBuildFile; fileRef = 4326FFDB2D9734970074E2F3 /* TabBarViewController.swift */; };
		43D3B8C32D9009D20078C27B /* AppDelegate.swift in Sources */ = {isa = PBXBuildFile; fileRef = 43D3B8C22D9009D20078C27B /* AppDelegate.swift */; };
		43D3B8C52D9009D20078C27B /* SceneDelegate.swift in Sources */ = {isa = PBXBuildFile; fileRef = 43D3B8C42D9009D20078C27B /* SceneDelegate.swift */; };
		43D3B8C72D9009D20078C27B /* MainViewController.swift in Sources */ = {isa = PBXBuildFile; fileRef = 43D3B8C62D9009D20078C27B /* MainViewController.swift */; };
		43D3B8CA2D9009D20078C27B /* Main.storyboard in Resources */ = {isa = PBXBuildFile; fileRef = 43D3B8C82D9009D20078C27B /* Main.storyboard */; };
		43D3B8CC2D9009D30078C27B /* Assets.xcassets in Resources */ = {isa = PBXBuildFile; fileRef = 43D3B8CB2D9009D30078C27B /* Assets.xcassets */; };
		43D3B8CF2D9009D30078C27B /* LaunchScreen.storyboard in Resources */ = {isa = PBXBuildFile; fileRef = 43D3B8CD2D9009D30078C27B /* LaunchScreen.storyboard */; };
		43D3B8D72D9012340078C27B /* GreetingViewController.swift in Sources */ = {isa = PBXBuildFile; fileRef = 43D3B8D62D9012340078C27B /* GreetingViewController.swift */; };
/* End PBXBuildFile section */

/* Begin PBXFileReference section */
		4326FFD02D9460480074E2F3 /* User.swift */ = {isa = PBXFileReference; lastKnownFileType = sourcecode.swift; path = User.swift; sourceTree = "<group>"; };
		4326FFD22D95B6CC0074E2F3 /* UserInfoViewController.swift */ = {isa = PBXFileReference; lastKnownFileType = sourcecode.swift; path = UserInfoViewController.swift; sourceTree = "<group>"; };
		4326FFD72D96B5B50074E2F3 /* UIView+gradientExtension.swift */ = {isa = PBXFileReference; lastKnownFileType = sourcecode.swift; path = "UIView+gradientExtension.swift"; sourceTree = "<group>"; };
		4326FFD92D96BA3C0074E2F3 /* DescribingViewController.swift */ = {isa = PBXFileReference; lastKnownFileType = sourcecode.swift; path = DescribingViewController.swift; sourceTree = "<group>"; };
		4326FFDB2D9734970074E2F3 /* TabBarViewController.swift */ = {isa = PBXFileReference; lastKnownFileType = sourcecode.swift; name = TabBarViewController.swift; path = AboutMeApp/ViewControllers/TabBarViewController.swift; sourceTree = SOURCE_ROOT; };
		43D3B8BF2D9009D20078C27B /* AboutMeApp.app */ = {isa = PBXFileReference; explicitFileType = wrapper.application; includeInIndex = 0; path = AboutMeApp.app; sourceTree = BUILT_PRODUCTS_DIR; };
		43D3B8C22D9009D20078C27B /* AppDelegate.swift */ = {isa = PBXFileReference; lastKnownFileType = sourcecode.swift; path = AppDelegate.swift; sourceTree = "<group>"; };
		43D3B8C42D9009D20078C27B /* SceneDelegate.swift */ = {isa = PBXFileReference; lastKnownFileType = sourcecode.swift; path = SceneDelegate.swift; sourceTree = "<group>"; };
		43D3B8C62D9009D20078C27B /* MainViewController.swift */ = {isa = PBXFileReference; lastKnownFileType = sourcecode.swift; path = MainViewController.swift; sourceTree = "<group>"; };
		43D3B8C92D9009D20078C27B /* Base */ = {isa = PBXFileReference; lastKnownFileType = file.storyboard; name = Base; path = Base.lproj/Main.storyboard; sourceTree = "<group>"; };
		43D3B8CB2D9009D30078C27B /* Assets.xcassets */ = {isa = PBXFileReference; lastKnownFileType = folder.assetcatalog; path = Assets.xcassets; sourceTree = "<group>"; };
		43D3B8CE2D9009D30078C27B /* Base */ = {isa = PBXFileReference; lastKnownFileType = file.storyboard; name = Base; path = Base.lproj/LaunchScreen.storyboard; sourceTree = "<group>"; };
		43D3B8D02D9009D30078C27B /* Info.plist */ = {isa = PBXFileReference; lastKnownFileType = text.plist.xml; path = Info.plist; sourceTree = "<group>"; };
		43D3B8D62D9012340078C27B /* GreetingViewController.swift */ = {isa = PBXFileReference; lastKnownFileType = sourcecode.swift; path = GreetingViewController.swift; sourceTree = "<group>"; };
/* End PBXFileReference section */

/* Begin PBXFrameworksBuildPhase section */
		43D3B8BC2D9009D20078C27B /* Frameworks */ = {
			isa = PBXFrameworksBuildPhase;
			buildActionMask = 2147483647;
			files = (
			);
			runOnlyForDeploymentPostprocessing = 0;
		};
/* End PBXFrameworksBuildPhase section */

/* Begin PBXGroup section */
		4326FFC92D945E7F0074E2F3 /* ViewControllers */ = {
			isa = PBXGroup;
			children = (
				43D3B8C62D9009D20078C27B /* MainViewController.swift */,
				43D3B8D62D9012340078C27B /* GreetingViewController.swift */,
				4326FFD22D95B6CC0074E2F3 /* UserInfoViewController.swift */,
				4326FFD92D96BA3C0074E2F3 /* DescribingViewController.swift */,
				4326FFDB2D9734970074E2F3 /* TabBarViewController.swift */,
			);
			path = ViewControllers;
			sourceTree = "<group>";
		};
		4326FFCA2D945F100074E2F3 /* Storyboards */ = {
			isa = PBXGroup;
			children = (
				43D3B8C82D9009D20078C27B /* Main.storyboard */,
				43D3B8CD2D9009D30078C27B /* LaunchScreen.storyboard */,
			);
			path = Storyboards;
			sourceTree = "<group>";
		};
		4326FFCB2D945F2C0074E2F3 /* System */ = {
			isa = PBXGroup;
			children = (
				43D3B8C22D9009D20078C27B /* AppDelegate.swift */,
				43D3B8C42D9009D20078C27B /* SceneDelegate.swift */,
				43D3B8D02D9009D30078C27B /* Info.plist */,
			);
			path = System;
			sourceTree = "<group>";
		};
		4326FFCD2D945FA50074E2F3 /* Models */ = {
			isa = PBXGroup;
			children = (
				4326FFD02D9460480074E2F3 /* User.swift */,
			);
			path = Models;
			sourceTree = "<group>";
		};
		4326FFD62D96B5050074E2F3 /* Extensions */ = {
			isa = PBXGroup;
			children = (
				4326FFD72D96B5B50074E2F3 /* UIView+gradientExtension.swift */,
			);
			path = Extensions;
			sourceTree = "<group>";
		};
		43D3B8B62D9009D20078C27B = {
			isa = PBXGroup;
			children = (
				43D3B8C12D9009D20078C27B /* AboutMeApp */,
				43D3B8C02D9009D20078C27B /* Products */,
			);
			sourceTree = "<group>";
		};
		43D3B8C02D9009D20078C27B /* Products */ = {
			isa = PBXGroup;
			children = (
				43D3B8BF2D9009D20078C27B /* AboutMeApp.app */,
			);
			name = Products;
			sourceTree = "<group>";
		};
		43D3B8C12D9009D20078C27B /* AboutMeApp */ = {
			isa = PBXGroup;
			children = (
				4326FFC92D945E7F0074E2F3 /* ViewControllers */,
				4326FFCD2D945FA50074E2F3 /* Models */,
				4326FFD62D96B5050074E2F3 /* Extensions */,
				4326FFCA2D945F100074E2F3 /* Storyboards */,
				4326FFCB2D945F2C0074E2F3 /* System */,
				43D3B8CB2D9009D30078C27B /* Assets.xcassets */,
			);
			path = AboutMeApp;
			sourceTree = "<group>";
		};
/* End PBXGroup section */

/* Begin PBXNativeTarget section */
		43D3B8BE2D9009D20078C27B /* AboutMeApp */ = {
			isa = PBXNativeTarget;
			buildConfigurationList = 43D3B8D32D9009D30078C27B /* Build configuration list for PBXNativeTarget "AboutMeApp" */;
			buildPhases = (
				43D3B8BB2D9009D20078C27B /* Sources */,
				43D3B8BC2D9009D20078C27B /* Frameworks */,
				43D3B8BD2D9009D20078C27B /* Resources */,
			);
			buildRules = (
			);
			dependencies = (
			);
			name = AboutMeApp;
			productName = AboutMeApp;
			productReference = 43D3B8BF2D9009D20078C27B /* AboutMeApp.app */;
			productType = "com.apple.product-type.application";
		};
/* End PBXNativeTarget section */

/* Begin PBXProject section */
		43D3B8B72D9009D20078C27B /* Project object */ = {
			isa = PBXProject;
			attributes = {
				BuildIndependentTargetsInParallel = 1;
				LastSwiftUpdateCheck = 1500;
				LastUpgradeCheck = 1500;
				TargetAttributes = {
					43D3B8BE2D9009D20078C27B = {
						CreatedOnToolsVersion = 15.0;
					};
				};
			};
			buildConfigurationList = 43D3B8BA2D9009D20078C27B /* Build configuration list for PBXProject "AboutMeApp" */;
			compatibilityVersion = "Xcode 14.0";
			developmentRegion = en;
			hasScannedForEncodings = 0;
			knownRegions = (
				en,
				Base,
			);
			mainGroup = 43D3B8B62D9009D20078C27B;
			productRefGroup = 43D3B8C02D9009D20078C27B /* Products */;
			projectDirPath = "";
			projectRoot = "";
			targets = (
				43D3B8BE2D9009D20078C27B /* AboutMeApp */,
			);
		};
/* End PBXProject section */

/* Begin PBXResourcesBuildPhase section */
		43D3B8BD2D9009D20078C27B /* Resources */ = {
			isa = PBXResourcesBuildPhase;
			buildActionMask = 2147483647;
			files = (
				43D3B8CF2D9009D30078C27B /* LaunchScreen.storyboard in Resources */,
				43D3B8CC2D9009D30078C27B /* Assets.xcassets in Resources */,
				43D3B8CA2D9009D20078C27B /* Main.storyboard in Resources */,
			);
			runOnlyForDeploymentPostprocessing = 0;
		};
/* End PBXResourcesBuildPhase section */

/* Begin PBXSourcesBuildPhase section */
		43D3B8BB2D9009D20078C27B /* Sources */ = {
			isa = PBXSourcesBuildPhase;
			buildActionMask = 2147483647;
			files = (
				4326FFDA2D96BA3C0074E2F3 /* DescribingViewController.swift in Sources */,
				4326FFD82D96B5B50074E2F3 /* UIView+gradientExtension.swift in Sources */,
				43D3B8C72D9009D20078C27B /* MainViewController.swift in Sources */,
				4326FFD32D95B6CC0074E2F3 /* UserInfoViewController.swift in Sources */,
				4326FFDC2D9734970074E2F3 /* TabBarViewController.swift in Sources */,
				43D3B8C32D9009D20078C27B /* AppDelegate.swift in Sources */,
				43D3B8C52D9009D20078C27B /* SceneDelegate.swift in Sources */,
				4326FFD12D9460480074E2F3 /* User.swift in Sources */,
				43D3B8D72D9012340078C27B /* GreetingViewController.swift in Sources */,
			);
			runOnlyForDeploymentPostprocessing = 0;
		};
/* End PBXSourcesBuildPhase section */

/* Begin PBXVariantGroup section */
		43D3B8C82D9009D20078C27B /* Main.storyboard */ = {
			isa = PBXVariantGroup;
			children = (
				43D3B8C92D9009D20078C27B /* Base */,
			);
			name = Main.storyboard;
			sourceTree = "<group>";
		};
		43D3B8CD2D9009D30078C27B /* LaunchScreen.storyboard */ = {
			isa = PBXVariantGroup;
			children = (
				43D3B8CE2D9009D30078C27B /* Base */,
			);
			name = LaunchScreen.storyboard;
			sourceTree = "<group>";
		};
/* End PBXVariantGroup section */

/* Begin XCBuildConfiguration section */
		43D3B8D12D9009D30078C27B /* Debug */ = {
			isa = XCBuildConfiguration;
			buildSettings = {
				ALWAYS_SEARCH_USER_PATHS = NO;
				ASSETCATALOG_COMPILER_GENERATE_SWIFT_ASSET_SYMBOL_EXTENSIONS = YES;
				CLANG_ANALYZER_NONNULL = YES;
				CLANG_ANALYZER_NUMBER_OBJECT_CONVERSION = YES_AGGRESSIVE;
				CLANG_CXX_LANGUAGE_STANDARD = "gnu++20";
				CLANG_ENABLE_MODULES = YES;
				CLANG_ENABLE_OBJC_ARC = YES;
				CLANG_ENABLE_OBJC_WEAK = YES;
				CLANG_WARN_BLOCK_CAPTURE_AUTORELEASING = YES;
				CLANG_WARN_BOOL_CONVERSION = YES;
				CLANG_WARN_COMMA = YES;
				CLANG_WARN_CONSTANT_CONVERSION = YES;
				CLANG_WARN_DEPRECATED_OBJC_IMPLEMENTATIONS = YES;
				CLANG_WARN_DIRECT_OBJC_ISA_USAGE = YES_ERROR;
				CLANG_WARN_DOCUMENTATION_COMMENTS = YES;
				CLANG_WARN_EMPTY_BODY = YES;
				CLANG_WARN_ENUM_CONVERSION = YES;
				CLANG_WARN_INFINITE_RECURSION = YES;
				CLANG_WARN_INT_CONVERSION = YES;
				CLANG_WARN_NON_LITERAL_NULL_CONVERSION = YES;
				CLANG_WARN_OBJC_IMPLICIT_RETAIN_SELF = YES;
				CLANG_WARN_OBJC_LITERAL_CONVERSION = YES;
				CLANG_WARN_OBJC_ROOT_CLASS = YES_ERROR;
				CLANG_WARN_QUOTED_INCLUDE_IN_FRAMEWORK_HEADER = YES;
				CLANG_WARN_RANGE_LOOP_ANALYSIS = YES;
				CLANG_WARN_STRICT_PROTOTYPES = YES;
				CLANG_WARN_SUSPICIOUS_MOVE = YES;
				CLANG_WARN_UNGUARDED_AVAILABILITY = YES_AGGRESSIVE;
				CLANG_WARN_UNREACHABLE_CODE = YES;
				CLANG_WARN__DUPLICATE_METHOD_MATCH = YES;
				COPY_PHASE_STRIP = NO;
				DEBUG_INFORMATION_FORMAT = dwarf;
				ENABLE_STRICT_OBJC_MSGSEND = YES;
				ENABLE_TESTABILITY = YES;
				ENABLE_USER_SCRIPT_SANDBOXING = YES;
				GCC_C_LANGUAGE_STANDARD = gnu17;
				GCC_DYNAMIC_NO_PIC = NO;
				GCC_NO_COMMON_BLOCKS = YES;
				GCC_OPTIMIZATION_LEVEL = 0;
				GCC_PREPROCESSOR_DEFINITIONS = (
					"DEBUG=1",
					"$(inherited)",
				);
				GCC_WARN_64_TO_32_BIT_CONVERSION = YES;
				GCC_WARN_ABOUT_RETURN_TYPE = YES_ERROR;
				GCC_WARN_UNDECLARED_SELECTOR = YES;
				GCC_WARN_UNINITIALIZED_AUTOS = YES_AGGRESSIVE;
				GCC_WARN_UNUSED_FUNCTION = YES;
				GCC_WARN_UNUSED_VARIABLE = YES;
				IPHONEOS_DEPLOYMENT_TARGET = 17.0;
				LOCALIZATION_PREFERS_STRING_CATALOGS = YES;
				MTL_ENABLE_DEBUG_INFO = INCLUDE_SOURCE;
				MTL_FAST_MATH = YES;
				ONLY_ACTIVE_ARCH = YES;
				SDKROOT = iphoneos;
				SWIFT_ACTIVE_COMPILATION_CONDITIONS = "DEBUG $(inherited)";
				SWIFT_OPTIMIZATION_LEVEL = "-Onone";
			};
			name = Debug;
		};
		43D3B8D22D9009D30078C27B /* Release */ = {
			isa = XCBuildConfiguration;
			buildSettings = {
				ALWAYS_SEARCH_USER_PATHS = NO;
				ASSETCATALOG_COMPILER_GENERATE_SWIFT_ASSET_SYMBOL_EXTENSIONS = YES;
				CLANG_ANALYZER_NONNULL = YES;
				CLANG_ANALYZER_NUMBER_OBJECT_CONVERSION = YES_AGGRESSIVE;
				CLANG_CXX_LANGUAGE_STANDARD = "gnu++20";
				CLANG_ENABLE_MODULES = YES;
				CLANG_ENABLE_OBJC_ARC = YES;
				CLANG_ENABLE_OBJC_WEAK = YES;
				CLANG_WARN_BLOCK_CAPTURE_AUTORELEASING = YES;
				CLANG_WARN_BOOL_CONVERSION = YES;
				CLANG_WARN_COMMA = YES;
				CLANG_WARN_CONSTANT_CONVERSION = YES;
				CLANG_WARN_DEPRECATED_OBJC_IMPLEMENTATIONS = YES;
				CLANG_WARN_DIRECT_OBJC_ISA_USAGE = YES_ERROR;
				CLANG_WARN_DOCUMENTATION_COMMENTS = YES;
				CLANG_WARN_EMPTY_BODY = YES;
				CLANG_WARN_ENUM_CONVERSION = YES;
				CLANG_WARN_INFINITE_RECURSION = YES;
				CLANG_WARN_INT_CONVERSION = YES;
				CLANG_WARN_NON_LITERAL_NULL_CONVERSION = YES;
				CLANG_WARN_OBJC_IMPLICIT_RETAIN_SELF = YES;
				CLANG_WARN_OBJC_LITERAL_CONVERSION = YES;
				CLANG_WARN_OBJC_ROOT_CLASS = YES_ERROR;
				CLANG_WARN_QUOTED_INCLUDE_IN_FRAMEWORK_HEADER = YES;
				CLANG_WARN_RANGE_LOOP_ANALYSIS = YES;
				CLANG_WARN_STRICT_PROTOTYPES = YES;
				CLANG_WARN_SUSPICIOUS_MOVE = YES;
				CLANG_WARN_UNGUARDED_AVAILABILITY = YES_AGGRESSIVE;
				CLANG_WARN_UNREACHABLE_CODE = YES;
				CLANG_WARN__DUPLICATE_METHOD_MATCH = YES;
				COPY_PHASE_STRIP = NO;
				DEBUG_INFORMATION_FORMAT = "dwarf-with-dsym";
				ENABLE_NS_ASSERTIONS = NO;
				ENABLE_STRICT_OBJC_MSGSEND = YES;
				ENABLE_USER_SCRIPT_SANDBOXING = YES;
				GCC_C_LANGUAGE_STANDARD = gnu17;
				GCC_NO_COMMON_BLOCKS = YES;
				GCC_WARN_64_TO_32_BIT_CONVERSION = YES;
				GCC_WARN_ABOUT_RETURN_TYPE = YES_ERROR;
				GCC_WARN_UNDECLARED_SELECTOR = YES;
				GCC_WARN_UNINITIALIZED_AUTOS = YES_AGGRESSIVE;
				GCC_WARN_UNUSED_FUNCTION = YES;
				GCC_WARN_UNUSED_VARIABLE = YES;
				IPHONEOS_DEPLOYMENT_TARGET = 17.0;
				LOCALIZATION_PREFERS_STRING_CATALOGS = YES;
				MTL_ENABLE_DEBUG_INFO = NO;
				MTL_FAST_MATH = YES;
				SDKROOT = iphoneos;
				SWIFT_COMPILATION_MODE = wholemodule;
				VALIDATE_PRODUCT = YES;
			};
			name = Release;
		};
		43D3B8D42D9009D30078C27B /* Debug */ = {
			isa = XCBuildConfiguration;
			buildSettings = {
				ASSETCATALOG_COMPILER_APPICON_NAME = AppIcon;
				ASSETCATALOG_COMPILER_GLOBAL_ACCENT_COLOR_NAME = AccentColor;
				CODE_SIGN_STYLE = Automatic;
				CURRENT_PROJECT_VERSION = 1;
				DEVELOPMENT_TEAM = F7X8B5584B;
				GENERATE_INFOPLIST_FILE = YES;
				INFOPLIST_FILE = AboutMeApp/System/Info.plist;
				INFOPLIST_KEY_UIApplicationSupportsIndirectInputEvents = YES;
				INFOPLIST_KEY_UILaunchStoryboardName = LaunchScreen;
				INFOPLIST_KEY_UIMainStoryboardFile = Main;
				INFOPLIST_KEY_UISupportedInterfaceOrientations_iPad = "UIInterfaceOrientationPortrait UIInterfaceOrientationPortraitUpsideDown UIInterfaceOrientationLandscapeLeft UIInterfaceOrientationLandscapeRight";
				INFOPLIST_KEY_UISupportedInterfaceOrientations_iPhone = "UIInterfaceOrientationPortrait UIInterfaceOrientationLandscapeLeft UIInterfaceOrientationLandscapeRight";
				LD_RUNPATH_SEARCH_PATHS = (
					"$(inherited)",
					"@executable_path/Frameworks",
				);
				MARKETING_VERSION = 1.0;
				PRODUCT_BUNDLE_IDENTIFIER = RomanBakaev.AboutMeApp;
				PRODUCT_NAME = "$(TARGET_NAME)";
				SWIFT_EMIT_LOC_STRINGS = YES;
				SWIFT_VERSION = 5.0;
				TARGETED_DEVICE_FAMILY = "1,2";
			};
			name = Debug;
		};
		43D3B8D52D9009D30078C27B /* Release */ = {
			isa = XCBuildConfiguration;
			buildSettings = {
				ASSETCATALOG_COMPILER_APPICON_NAME = AppIcon;
				ASSETCATALOG_COMPILER_GLOBAL_ACCENT_COLOR_NAME = AccentColor;
				CODE_SIGN_STYLE = Automatic;
				CURRENT_PROJECT_VERSION = 1;
				DEVELOPMENT_TEAM = F7X8B5584B;
				GENERATE_INFOPLIST_FILE = YES;
				INFOPLIST_FILE = AboutMeApp/System/Info.plist;
				INFOPLIST_KEY_UIApplicationSupportsIndirectInputEvents = YES;
				INFOPLIST_KEY_UILaunchStoryboardName = LaunchScreen;
				INFOPLIST_KEY_UIMainStoryboardFile = Main;
				INFOPLIST_KEY_UISupportedInterfaceOrientations_iPad = "UIInterfaceOrientationPortrait UIInterfaceOrientationPortraitUpsideDown UIInterfaceOrientationLandscapeLeft UIInterfaceOrientationLandscapeRight";
				INFOPLIST_KEY_UISupportedInterfaceOrientations_iPhone = "UIInterfaceOrientationPortrait UIInterfaceOrientationLandscapeLeft UIInterfaceOrientationLandscapeRight";
				LD_RUNPATH_SEARCH_PATHS = (
					"$(inherited)",
					"@executable_path/Frameworks",
				);
				MARKETING_VERSION = 1.0;
				PRODUCT_BUNDLE_IDENTIFIER = RomanBakaev.AboutMeApp;
				PRODUCT_NAME = "$(TARGET_NAME)";
				SWIFT_EMIT_LOC_STRINGS = YES;
				SWIFT_VERSION = 5.0;
				TARGETED_DEVICE_FAMILY = "1,2";
			};
			name = Release;
		};
/* End XCBuildConfiguration section */

/* Begin XCConfigurationList section */
		43D3B8BA2D9009D20078C27B /* Build configuration list for PBXProject "AboutMeApp" */ = {
			isa = XCConfigurationList;
			buildConfigurations = (
				43D3B8D12D9009D30078C27B /* Debug */,
				43D3B8D22D9009D30078C27B /* Release */,
			);
			defaultConfigurationIsVisible = 0;
			defaultConfigurationName = Release;
		};
		43D3B8D32D9009D30078C27B /* Build configuration list for PBXNativeTarget "AboutMeApp" */ = {
			isa = XCConfigurationList;
			buildConfigurations = (
				43D3B8D42D9009D30078C27B /* Debug */,
				43D3B8D52D9009D30078C27B /* Release */,
			);
			defaultConfigurationIsVisible = 0;
			defaultConfigurationName = Release;
		};
/* End XCConfigurationList section */
	};
	rootObject = 43D3B8B72D9009D20078C27B /* Project object */;
}
